
Microsoft Visual Studio Solution File, Format Version 12.00
# Visual Studio Version 17
VisualStudioVersion = 17.14.36623.8 d17.14
MinimumVisualStudioVersion = 10.0.40219.1
Project("{FAE04EC0-301F-11D3-BF4B-00C04F79EFBC}") = "F1 Car Stats", "F1 Car Stats\F1 Car Stats.csproj", "{D5513C89-4E07-4AF7-AE0D-9CA28A7B82EA}"
EndProject
Global
	GlobalSection(SolutionConfigurationPlatforms) = preSolution
		Debug|Any CPU = Debug|Any CPU
		Release|Any CPU = Release|Any CPU
	EndGlobalSection
	GlobalSection(ProjectConfigurationPlatforms) = postSolution
		{D5513C89-4E07-4AF7-AE0D-9CA28A7B82EA}.Debug|Any CPU.ActiveCfg = Debug|Any CPU
		{D5513C89-4E07-4AF7-AE0D-9CA28A7B82EA}.Debug|Any CPU.Build.0 = Debug|Any CPU
		{D5513C89-4E07-4AF7-AE0D-9CA28A7B82EA}.Release|Any CPU.ActiveCfg = Release|Any CPU
		{D5513C89-4E07-4AF7-AE0D-9CA28A7B82EA}.Release|Any CPU.Build.0 = Release|Any CPU
	EndGlobalSection
	GlobalSection(SolutionProperties) = preSolution
		HideSolutionNode = FALSE
	EndGlobalSection
	GlobalSection(ExtensibilityGlobals) = postSolution
		SolutionGuid = {ABE0D3C2-3F47-4B10-9BEE-4DE37D47F9D5}
	EndGlobalSection
EndGlobal
